
Microsoft Visual Studio Solution File, Format Version 12.00
# Visual Studio Version 17
VisualStudioVersion = 17.4.33122.133
MinimumVisualStudioVersion = 10.0.40219.1
Project("{FAE04EC0-301F-11D3-BF4B-00C04F79EFBC}") = "C2109i2Buoi22", "C2109i2Buoi22\C2109i2Buoi22.csproj", "{45AC4E23-9258-4C69-9ED5-75FF68BCDC15}"
EndProject
Project("{FAE04EC0-301F-11D3-BF4B-00C04F79EFBC}") = "C2109i2buoi2tren3", "C2109i2buoi2tren3\C2109i2buoi2tren3.csproj", "{278D2F4F-4C9B-4D28-AEA6-E46B39CC550D}"
EndProject
Global
	GlobalSection(SolutionConfigurationPlatforms) = preSolution
		Debug|Any CPU = Debug|Any CPU
		Release|Any CPU = Release|Any CPU
	EndGlobalSection
	GlobalSection(ProjectConfigurationPlatforms) = postSolution
		{45AC4E23-9258-4C69-9ED5-75FF68BCDC15}.Debug|Any CPU.ActiveCfg = Debug|Any CPU
		{45AC4E23-9258-4C69-9ED5-75FF68BCDC15}.Debug|Any CPU.Build.0 = Debug|Any CPU
		{45AC4E23-9258-4C69-9ED5-75FF68BCDC15}.Release|Any CPU.ActiveCfg = Release|Any CPU
		{45AC4E23-9258-4C69-9ED5-75FF68BCDC15}.Release|Any CPU.Build.0 = Release|Any CPU
		{278D2F4F-4C9B-4D28-AEA6-E46B39CC550D}.Debug|Any CPU.ActiveCfg = Debug|Any CPU
		{278D2F4F-4C9B-4D28-AEA6-E46B39CC550D}.Debug|Any CPU.Build.0 = Debug|Any CPU
		{278D2F4F-4C9B-4D28-AEA6-E46B39CC550D}.Release|Any CPU.ActiveCfg = Release|Any CPU
		{278D2F4F-4C9B-4D28-AEA6-E46B39CC550D}.Release|Any CPU.Build.0 = Release|Any CPU
	EndGlobalSection
	GlobalSection(SolutionProperties) = preSolution
		HideSolutionNode = FALSE
	EndGlobalSection
	GlobalSection(ExtensibilityGlobals) = postSolution
		SolutionGuid = {41508A41-90BE-4748-A2E2-00779D127190}
	EndGlobalSection
EndGlobal
